{
    "composer/pcre": {
        "version": "1.0.1"
    },
    "composer/semver": {
        "version": "3.2.9"
    },
    "composer/xdebug-handler": {
        "version": "3.0.1"
    },
    "doctrine/annotations": {
        "version": "1.13",
        "recipe": {
            "repo": "github.com/symfony/recipes",
            "branch": "master",
            "version": "1.0",
            "ref": "a2759dd6123694c8d901d0ec80006e044c2e6457"
        },
        "files": [
            "config/routes/annotations.yaml"
        ]
    },
    "doctrine/lexer": {
        "version": "1.2.2"
    },
    "friendsofphp/php-cs-fixer": {
        "version": "3.6",
        "recipe": {
            "repo": "github.com/symfony/recipes",
            "branch": "master",
            "version": "3.0",
            "ref": "be2103eb4a20942e28a6dd87736669b757132435"
        },
        "files": [
            ".php-cs-fixer.dist.php"
        ]
    },
    "php-cs-fixer/diff": {
        "version": "v2.0.2"
    },
    "psr/cache": {
        "version": "1.0.1"
    },
    "psr/event-dispatcher": {
        "version": "1.0.0"
    },
    "psr/log": {
        "version": "1.1.4"
    },
    "symfony/config": {
        "version": "v5.4.3"
    },
    "symfony/event-dispatcher": {
        "version": "v5.4.3"
    },
    "symfony/event-dispatcher-contracts": {
        "version": "v2.5.0"
    },
    "symfony/filesystem": {
        "version": "v5.4.3"
    },
    "symfony/finder": {
        "version": "v5.4.3"
    },
    "symfony/flex": {
        "version": "1.18",
        "recipe": {
            "repo": "github.com/symfony/recipes",
            "branch": "master",
            "version": "1.0",
            "ref": "c0eeb50665f0f77226616b6038a9b06c03752d8e"
        },
        "files": [
            ".env"
        ]
    },
    "symfony/options-resolver": {
        "version": "v5.4.3"
    },
    "symfony/polyfill-php73": {
        "version": "v1.24.0"
    },
    "symfony/polyfill-php80": {
        "version": "v1.24.0"
    },
    "symfony/process": {
        "version": "v5.4.3"
    },
    "symfony/stopwatch": {
        "version": "v5.4.3"
    },
    "symfony/yaml": {
        "version": "v5.4.3"
    }
}
